
Microsoft Visual Studio Solution File, Format Version 12.00
# Visual Studio Version 16
VisualStudioVersion = 16.0.28803.156
MinimumVisualStudioVersion = 10.0.40219.1
Project("{FAE04EC0-301F-11D3-BF4B-00C04F79EFBC}") = "RenovateTestApp", "RenovateTestApp\RenovateTestApp.csproj", "{58B58323-EA77-49EA-BF5C-025883034442}"
EndProject
Global
	GlobalSection(SolutionConfigurationPlatforms) = preSolution
		Debug|Any CPU = Debug|Any CPU
		Release|Any CPU = Release|Any CPU
	EndGlobalSection
	GlobalSection(ProjectConfigurationPlatforms) = postSolution
		{58B58323-EA77-49EA-BF5C-025883034442}.Debug|Any CPU.ActiveCfg = Debug|Any CPU
		{58B58323-EA77-49EA-BF5C-025883034442}.Debug|Any CPU.Build.0 = Debug|Any CPU
		{58B58323-EA77-49EA-BF5C-025883034442}.Release|Any CPU.ActiveCfg = Release|Any CPU
		{58B58323-EA77-49EA-BF5C-025883034442}.Release|Any CPU.Build.0 = Release|Any CPU
	EndGlobalSection
	GlobalSection(SolutionProperties) = preSolution
		HideSolutionNode = FALSE
	EndGlobalSection
	GlobalSection(ExtensibilityGlobals) = postSolution
		SolutionGuid = {BAC36B3B-CBF2-4B09-8563-79C358FFFE81}
	EndGlobalSection
EndGlobal
